
Microsoft Visual Studio Solution File, Format Version 12.00
# Visual Studio Version 16
VisualStudioVersion = 16.0.29001.49
MinimumVisualStudioVersion = 10.0.40219.1
Project("{2150E333-8FDC-42A3-9474-1A3956D46DE8}") = "00 Solution Files", "00 Solution Files", "{5715D09C-EDAA-4B0B-A343-7ED17F6C5D74}"
	ProjectSection(SolutionItems) = preProject
		.editorconfig = .editorconfig
		.gitignore = .gitignore
		azure-pipelines.yml = azure-pipelines.yml
		CHANGELOG.md = CHANGELOG.md
		CODE_OF_CONDUCT.md = CODE_OF_CONDUCT.md
		CONTRIBUTING.md = CONTRIBUTING.md
		Directory.Build.props = Directory.Build.props
		LICENSE = LICENSE
		test-netcoreapp2_2.ps1 = test-netcoreapp2_2.ps1
		test-netcoreapp3_0.ps1 = test-netcoreapp3_0.ps1
	EndProjectSection
EndProject
Project("{2150E333-8FDC-42A3-9474-1A3956D46DE8}") = "50 HttpExceptions", "50 HttpExceptions", "{405C144D-41FE-4BDE-B9B2-F8364036C4AB}"
EndProject
Project("{9A19103F-16F7-4668-BE54-9A1E7A4F7556}") = "Opw.HttpExceptions", "src\Opw.HttpExceptions\Opw.HttpExceptions.csproj", "{2B23DCCD-D082-4ED4-B1D0-BF0E00040A0B}"
EndProject
Project("{9A19103F-16F7-4668-BE54-9A1E7A4F7556}") = "Opw.HttpExceptions.Tests", "tests\Opw.HttpExceptions.Tests\Opw.HttpExceptions.Tests.csproj", "{210A56CA-1091-43E7-9883-1836CCC232BD}"
EndProject
Project("{9A19103F-16F7-4668-BE54-9A1E7A4F7556}") = "Opw.HttpExceptions.AspNetCore", "src\Opw.HttpExceptions.AspNetCore\Opw.HttpExceptions.AspNetCore.csproj", "{531ADC07-8A3E-4CC9-A0D2-83DE1D5329E8}"
EndProject
Project("{9A19103F-16F7-4668-BE54-9A1E7A4F7556}") = "Opw.HttpExceptions.AspNetCore.Tests", "tests\Opw.HttpExceptions.AspNetCore.Tests\Opw.HttpExceptions.AspNetCore.Tests.csproj", "{6F06C859-75D4-4E29-A42F-B669912C3D4B}"
EndProject
Project("{2150E333-8FDC-42A3-9474-1A3956D46DE8}") = "10 Samples", "10 Samples", "{5B75E4EB-24F5-4392-9B3C-85616A87C3F1}"
EndProject
Project("{9A19103F-16F7-4668-BE54-9A1E7A4F7556}") = "Opw.HttpExceptions.AspNetCore.Sample", "samples\Opw.HttpExceptions.AspNetCore.Sample\Opw.HttpExceptions.AspNetCore.Sample.csproj", "{65EBCCFF-217E-45A2-A276-6553264ED598}"
EndProject
Project("{9A19103F-16F7-4668-BE54-9A1E7A4F7556}") = "Opw.HttpExceptions.AspNetCore.Sample.Tests", "tests\Opw.HttpExceptions.AspNetCore.Sample.Tests\Opw.HttpExceptions.AspNetCore.Sample.Tests.csproj", "{1681FE09-0F3E-4251-A90F-E3336412B4B5}"
EndProject
Project("{2150E333-8FDC-42A3-9474-1A3956D46DE8}") = "05 Docs", "05 Docs", "{28E5D808-7B5D-4A1D-9F18-1626154DF1F9}"
	ProjectSection(SolutionItems) = preProject
		docs\Opw.HttpExceptions.AspNetCore.md = docs\Opw.HttpExceptions.AspNetCore.md
		docs\Opw.HttpExceptions.AspNetCore.Sample.md = docs\Opw.HttpExceptions.AspNetCore.Sample.md
		docs\Opw.HttpExceptions.md = docs\Opw.HttpExceptions.md
		README.md = README.md
	EndProjectSection
EndProject
Project("{9A19103F-16F7-4668-BE54-9A1E7A4F7556}") = "Opw.HttpExceptions.AspNetCore.IntegrationTests", "tests\Opw.HttpExceptions.AspNetCore.IntegrationTests\Opw.HttpExceptions.AspNetCore.IntegrationTests.csproj", "{0E9E2272-D022-419E-BA33-B07111C46F75}"
EndProject
Global
	GlobalSection(SolutionConfigurationPlatforms) = preSolution
		Debug|Any CPU = Debug|Any CPU
		Release|Any CPU = Release|Any CPU
	EndGlobalSection
	GlobalSection(ProjectConfigurationPlatforms) = postSolution
		{2B23DCCD-D082-4ED4-B1D0-BF0E00040A0B}.Debug|Any CPU.ActiveCfg = Debug|Any CPU
		{2B23DCCD-D082-4ED4-B1D0-BF0E00040A0B}.Debug|Any CPU.Build.0 = Debug|Any CPU
		{2B23DCCD-D082-4ED4-B1D0-BF0E00040A0B}.Release|Any CPU.ActiveCfg = Release|Any CPU
		{2B23DCCD-D082-4ED4-B1D0-BF0E00040A0B}.Release|Any CPU.Build.0 = Release|Any CPU
		{210A56CA-1091-43E7-9883-1836CCC232BD}.Debug|Any CPU.ActiveCfg = Debug|Any CPU
		{210A56CA-1091-43E7-9883-1836CCC232BD}.Debug|Any CPU.Build.0 = Debug|Any CPU
		{210A56CA-1091-43E7-9883-1836CCC232BD}.Release|Any CPU.ActiveCfg = Release|Any CPU
		{210A56CA-1091-43E7-9883-1836CCC232BD}.Release|Any CPU.Build.0 = Release|Any CPU
		{531ADC07-8A3E-4CC9-A0D2-83DE1D5329E8}.Debug|Any CPU.ActiveCfg = Debug|Any CPU
		{531ADC07-8A3E-4CC9-A0D2-83DE1D5329E8}.Debug|Any CPU.Build.0 = Debug|Any CPU
		{531ADC07-8A3E-4CC9-A0D2-83DE1D5329E8}.Release|Any CPU.ActiveCfg = Release|Any CPU
		{531ADC07-8A3E-4CC9-A0D2-83DE1D5329E8}.Release|Any CPU.Build.0 = Release|Any CPU
		{6F06C859-75D4-4E29-A42F-B669912C3D4B}.Debug|Any CPU.ActiveCfg = Debug|Any CPU
		{6F06C859-75D4-4E29-A42F-B669912C3D4B}.Debug|Any CPU.Build.0 = Debug|Any CPU
		{6F06C859-75D4-4E29-A42F-B669912C3D4B}.Release|Any CPU.ActiveCfg = Release|Any CPU
		{6F06C859-75D4-4E29-A42F-B669912C3D4B}.Release|Any CPU.Build.0 = Release|Any CPU
		{65EBCCFF-217E-45A2-A276-6553264ED598}.Debug|Any CPU.ActiveCfg = Debug|Any CPU
		{65EBCCFF-217E-45A2-A276-6553264ED598}.Debug|Any CPU.Build.0 = Debug|Any CPU
		{65EBCCFF-217E-45A2-A276-6553264ED598}.Release|Any CPU.ActiveCfg = Release|Any CPU
		{65EBCCFF-217E-45A2-A276-6553264ED598}.Release|Any CPU.Build.0 = Release|Any CPU
		{1681FE09-0F3E-4251-A90F-E3336412B4B5}.Debug|Any CPU.ActiveCfg = Debug|Any CPU
		{1681FE09-0F3E-4251-A90F-E3336412B4B5}.Debug|Any CPU.Build.0 = Debug|Any CPU
		{1681FE09-0F3E-4251-A90F-E3336412B4B5}.Release|Any CPU.ActiveCfg = Release|Any CPU
		{1681FE09-0F3E-4251-A90F-E3336412B4B5}.Release|Any CPU.Build.0 = Release|Any CPU
		{0E9E2272-D022-419E-BA33-B07111C46F75}.Debug|Any CPU.ActiveCfg = Debug|Any CPU
		{0E9E2272-D022-419E-BA33-B07111C46F75}.Debug|Any CPU.Build.0 = Debug|Any CPU
		{0E9E2272-D022-419E-BA33-B07111C46F75}.Release|Any CPU.ActiveCfg = Release|Any CPU
		{0E9E2272-D022-419E-BA33-B07111C46F75}.Release|Any CPU.Build.0 = Release|Any CPU
	EndGlobalSection
	GlobalSection(SolutionProperties) = preSolution
		HideSolutionNode = FALSE
	EndGlobalSection
	GlobalSection(NestedProjects) = preSolution
		{2B23DCCD-D082-4ED4-B1D0-BF0E00040A0B} = {405C144D-41FE-4BDE-B9B2-F8364036C4AB}
		{210A56CA-1091-43E7-9883-1836CCC232BD} = {405C144D-41FE-4BDE-B9B2-F8364036C4AB}
		{531ADC07-8A3E-4CC9-A0D2-83DE1D5329E8} = {405C144D-41FE-4BDE-B9B2-F8364036C4AB}
		{6F06C859-75D4-4E29-A42F-B669912C3D4B} = {405C144D-41FE-4BDE-B9B2-F8364036C4AB}
		{65EBCCFF-217E-45A2-A276-6553264ED598} = {5B75E4EB-24F5-4392-9B3C-85616A87C3F1}
		{1681FE09-0F3E-4251-A90F-E3336412B4B5} = {5B75E4EB-24F5-4392-9B3C-85616A87C3F1}
		{0E9E2272-D022-419E-BA33-B07111C46F75} = {405C144D-41FE-4BDE-B9B2-F8364036C4AB}
	EndGlobalSection
	GlobalSection(ExtensibilityGlobals) = postSolution
		SolutionGuid = {C6B9D3DF-8885-481F-B3DB-FF4B260F8862}
	EndGlobalSection
EndGlobal
